
Microsoft Visual Studio Solution File, Format Version 12.00
# Visual Studio Version 17
VisualStudioVersion = 17.9.34728.123
MinimumVisualStudioVersion = 10.0.40219.1
Project("{2150E333-8FDC-42A3-9474-1A3956D46DE8}") = "DC", "DC", "{3F8ACCE4-5277-4FBD-83FC-F4B39C796F70}"
EndProject
Project("{E53339B2-1760-4266-BCC7-CA923CBCF16C}") = "Backend.DC.development", "Backend.DC.development.dcproj", "{A2B6837B-6D7C-4636-B0B1-691A65CEF667}"
EndProject
Project("{E53339B2-1760-4266-BCC7-CA923CBCF16C}") = "Backend.DC.production", "Backend.DC.production.dcproj", "{0350957C-E63A-4945-9399-6954EE7CD6D2}"
EndProject
Project("{E53339B2-1760-4266-BCC7-CA923CBCF16C}") = "Backend.DC.staging", "Backend.DC.staging.dcproj", "{96BCB957-B713-4370-9F4D-424E3A85E4F5}"
EndProject
Project("{2150E333-8FDC-42A3-9474-1A3956D46DE8}") = "Solution Items", "Solution Items", "{5E499B8F-6592-47F6-B36A-FC1B9A0E3860}"
	ProjectSection(SolutionItems) = preProject
		.editorconfig = .editorconfig
		.gitignore = .gitignore
		Directory.Build.props = Directory.Build.props
		Directory.Packages.props = Directory.Packages.props
		..\..\README.md = ..\..\README.md
	EndProjectSection
EndProject
Project("{2150E333-8FDC-42A3-9474-1A3956D46DE8}") = "src", "src", "{A0BF25FD-1238-4843-8AB9-6255F514FFDE}"
EndProject
Project("{2150E333-8FDC-42A3-9474-1A3956D46DE8}") = "Gateway", "Gateway", "{9A3981A0-EA51-46CA-A799-E9767DDBBD05}"
EndProject
Project("{2150E333-8FDC-42A3-9474-1A3956D46DE8}") = "Apps", "Apps", "{82FA9459-1253-4BEA-BCD0-63873476E8AB}"
EndProject
Project("{2150E333-8FDC-42A3-9474-1A3956D46DE8}") = "Infrastructure", "Infrastructure", "{18DD0FDF-1AE5-4099-B54E-43615FB3D3D0}"
EndProject
Project("{FAE04EC0-301F-11D3-BF4B-00C04F79EFBC}") = "Makc2025.Dummy.Gateway.Infrastructure.Core", "src\Gateway\src\Infrastructure\Core\Makc2025.Dummy.Gateway.Infrastructure.Core.csproj", "{0F05E124-70D3-43D2-B4F5-4A1C10B01198}"
EndProject
Project("{FAE04EC0-301F-11D3-BF4B-00C04F79EFBC}") = "Makc2025.Dummy.Gateway.Infrastructure.GRPC", "src\Gateway\src\Infrastructure\GRPC\Makc2025.Dummy.Gateway.Infrastructure.GRPC.csproj", "{A1E90898-346E-4B12-89A4-AFDD3B12AEA6}"
EndProject
Project("{FAE04EC0-301F-11D3-BF4B-00C04F79EFBC}") = "Makc2025.Dummy.Gateway.Infrastructure.REST", "src\Gateway\src\Infrastructure\REST\Makc2025.Dummy.Gateway.Infrastructure.REST.csproj", "{B6A14BA9-BC9F-408A-BD52-31D26CACE903}"
EndProject
Project("{9A19103F-16F7-4668-BE54-9A1E7A4F7556}") = "Makc2025.Dummy.Gateway.Apps.WebApp", "src\Gateway\src\Apps\WebApp\Makc2025.Dummy.Gateway.Apps.WebApp.csproj", "{5FB86F58-CE4B-4523-BD6B-842E531EA1B8}"
EndProject
Project("{9A19103F-16F7-4668-BE54-9A1E7A4F7556}") = "Makc2025.Dummy.Gateway.DomainModel", "src\Gateway\src\DomainModel\Makc2025.Dummy.Gateway.DomainModel.csproj", "{9F11CE26-C2C8-4F06-B454-6374CBC66EBD}"
EndProject
Project("{9A19103F-16F7-4668-BE54-9A1E7A4F7556}") = "Makc2025.Dummy.Gateway.DomainUseCases", "src\Gateway\src\DomainUseCases\Makc2025.Dummy.Gateway.DomainUseCases.csproj", "{1038A4F6-E393-4A80-A7D5-F34BCE77EE95}"
EndProject
Project("{2150E333-8FDC-42A3-9474-1A3956D46DE8}") = "Infrastructure", "Infrastructure", "{41A955CE-E424-4940-AD9C-AB4FC08EA4D4}"
EndProject
Project("{FAE04EC0-301F-11D3-BF4B-00C04F79EFBC}") = "Makc2025.Dummy.Shared.Infrastructure.EntityFramework", "src\Shared\src\Infrastructure\EntityFramework\Makc2025.Dummy.Shared.Infrastructure.EntityFramework.csproj", "{3B9C0CAF-C6FA-49B2-9055-F36CBF8A1BF9}"
EndProject
Project("{FAE04EC0-301F-11D3-BF4B-00C04F79EFBC}") = "Makc2025.Dummy.Shared.Infrastructure.GRPC", "src\Shared\src\Infrastructure\GRPC\Makc2025.Dummy.Shared.Infrastructure.GRPC.csproj", "{1BE2A0DD-8500-4B12-9078-72F8BF45A3DC}"
EndProject
Project("{2150E333-8FDC-42A3-9474-1A3956D46DE8}") = "Reader", "Reader", "{86D0AEEE-A675-4B81-A5AE-BC08F9C92803}"
EndProject
Project("{2150E333-8FDC-42A3-9474-1A3956D46DE8}") = "Apps", "Apps", "{77C4E24B-11C3-4777-88E6-F070D4E24679}"
EndProject
Project("{FAE04EC0-301F-11D3-BF4B-00C04F79EFBC}") = "Makc2025.Dummy.Reader.Apps.InboxCleanerApp", "src\Reader\src\Apps\InboxCleanerApp\Makc2025.Dummy.Reader.Apps.InboxCleanerApp.csproj", "{5CC71EF9-8616-4F82-90C6-456D3D6AAEA2}"
EndProject
Project("{FAE04EC0-301F-11D3-BF4B-00C04F79EFBC}") = "Makc2025.Dummy.Reader.Apps.InboxConsumerApp", "src\Reader\src\Apps\InboxConsumerApp\Makc2025.Dummy.Reader.Apps.InboxConsumerApp.csproj", "{F4869ED2-5E54-4052-9211-E83A7F08E190}"
EndProject
Project("{FAE04EC0-301F-11D3-BF4B-00C04F79EFBC}") = "Makc2025.Dummy.Reader.Infrastructure", "src\Reader\src\Infrastructure\Makc2025.Dummy.Reader.Infrastructure.csproj", "{D6C2A47B-1105-4534-A3F5-06602C872DB5}"
EndProject
Project("{2150E333-8FDC-42A3-9474-1A3956D46DE8}") = "Shared", "Shared", "{B73144DE-9449-42F1-A63D-86D609EA6C52}"
EndProject
Project("{2150E333-8FDC-42A3-9474-1A3956D46DE8}") = "Apps", "Apps", "{B773FF10-0FEC-4E92-8FBC-32B79DA3DA75}"
EndProject
Project("{FAE04EC0-301F-11D3-BF4B-00C04F79EFBC}") = "Makc2025.Dummy.Shared.Apps.WebApp", "src\Shared\src\Apps\WebApp\Makc2025.Dummy.Shared.Apps.WebApp.csproj", "{DD6079B4-D4A1-495F-A54E-EAD2FAAFEB18}"
EndProject
Project("{9A19103F-16F7-4668-BE54-9A1E7A4F7556}") = "Makc2025.Dummy.Shared.Core", "src\Shared\src\Core\Makc2025.Dummy.Shared.Core.csproj", "{E27F84C2-9589-401B-87FB-F05BC4535A6F}"
EndProject
Project("{FAE04EC0-301F-11D3-BF4B-00C04F79EFBC}") = "Makc2025.Dummy.Shared.DomainModel", "src\Shared\src\DomainModel\Makc2025.Dummy.Shared.DomainModel.csproj", "{57192CE6-11BF-4587-94A2-CE24005A9EEB}"
EndProject
Project("{FAE04EC0-301F-11D3-BF4B-00C04F79EFBC}") = "Makc2025.Dummy.Shared.DomainUseCases", "src\Shared\src\DomainUseCases\Makc2025.Dummy.Shared.DomainUseCases.csproj", "{AA13D732-CA94-4EEF-B915-45E185354328}"
EndProject
Project("{2150E333-8FDC-42A3-9474-1A3956D46DE8}") = "Writer", "Writer", "{79303FD3-E3EE-4B57-BBDC-AFF7EBC56AFD}"
EndProject
Project("{2150E333-8FDC-42A3-9474-1A3956D46DE8}") = "Apps", "Apps", "{0DBD4A79-928C-47E4-9CE0-9237938BBBDF}"
EndProject
Project("{FAE04EC0-301F-11D3-BF4B-00C04F79EFBC}") = "Makc2025.Dummy.Writer.Apps.OutboxCleanerApp", "src\Writer\src\Apps\OutboxCleanerApp\Makc2025.Dummy.Writer.Apps.OutboxCleanerApp.csproj", "{F52EF035-D207-4982-A859-58433B83D551}"
EndProject
Project("{FAE04EC0-301F-11D3-BF4B-00C04F79EFBC}") = "Makc2025.Dummy.Writer.Apps.OutboxProducerApp", "src\Writer\src\Apps\OutboxProducerApp\Makc2025.Dummy.Writer.Apps.OutboxProducerApp.csproj", "{84185C67-7F7B-409C-AEE2-0870AE4AE57C}"
EndProject
Project("{9A19103F-16F7-4668-BE54-9A1E7A4F7556}") = "Makc2025.Dummy.Writer.Apps.WebApp", "src\Writer\src\Apps\WebApp\Makc2025.Dummy.Writer.Apps.WebApp.csproj", "{A1A8A57C-A1DB-4862-A04D-05453EF42BAC}"
EndProject
Project("{2150E333-8FDC-42A3-9474-1A3956D46DE8}") = "Infrastructure", "Infrastructure", "{ACCAAED2-3AF2-4CF0-BF6B-AF420E9841B5}"
EndProject
Project("{FAE04EC0-301F-11D3-BF4B-00C04F79EFBC}") = "Makc2025.Dummy.Writer.Infrastructure.Authentication", "src\Writer\src\Infrastructure\Authentication\Makc2025.Dummy.Writer.Infrastructure.Authentication.csproj", "{01BFD081-4A79-4717-A5C3-ECDD310957E7}"
EndProject
Project("{9A19103F-16F7-4668-BE54-9A1E7A4F7556}") = "Makc2025.Dummy.Writer.Infrastructure.Core", "src\Writer\src\Infrastructure\Core\Makc2025.Dummy.Writer.Infrastructure.Core.csproj", "{7CD43BF7-23DD-4415-AE73-9D847B0DE0AA}"
EndProject
Project("{FAE04EC0-301F-11D3-BF4B-00C04F79EFBC}") = "Makc2025.Dummy.Writer.Infrastructure.EntityFramework", "src\Writer\src\Infrastructure\EntityFramework\Makc2025.Dummy.Writer.Infrastructure.EntityFramework.csproj", "{1FF14C5E-2AB3-4E26-9CA6-2E5C1103DD8C}"
EndProject
Project("{FAE04EC0-301F-11D3-BF4B-00C04F79EFBC}") = "Makc2025.Dummy.Writer.Infrastructure.GRPC", "src\Writer\src\Infrastructure\GRPC\Makc2025.Dummy.Writer.Infrastructure.GRPC.csproj", "{4F55E592-9885-49D3-907D-5FD5BBB2FECB}"
EndProject
Project("{FAE04EC0-301F-11D3-BF4B-00C04F79EFBC}") = "Makc2025.Dummy.Writer.Infrastructure.RabbitMQ", "src\Writer\src\Infrastructure\RabbitMQ\Makc2025.Dummy.Writer.Infrastructure.RabbitMQ.csproj", "{24B21428-536B-4ED5-BF13-6BAC6A06FB80}"
EndProject
Project("{9A19103F-16F7-4668-BE54-9A1E7A4F7556}") = "Makc2025.Dummy.Writer.DomainModel", "src\Writer\src\DomainModel\Makc2025.Dummy.Writer.DomainModel.csproj", "{2F81EAA0-6B77-4304-8E38-FE3C28CE79E0}"
EndProject
Project("{9A19103F-16F7-4668-BE54-9A1E7A4F7556}") = "Makc2025.Dummy.Writer.DomainUseCases", "src\Writer\src\DomainUseCases\Makc2025.Dummy.Writer.DomainUseCases.csproj", "{43031B59-296A-46B7-B778-AF0066EB77B7}"
EndProject
Global
	GlobalSection(SolutionConfigurationPlatforms) = preSolution
		Debug|Any CPU = Debug|Any CPU
		Release|Any CPU = Release|Any CPU
	EndGlobalSection
	GlobalSection(ProjectConfigurationPlatforms) = postSolution
		{A2B6837B-6D7C-4636-B0B1-691A65CEF667}.Debug|Any CPU.ActiveCfg = Debug|Any CPU
		{A2B6837B-6D7C-4636-B0B1-691A65CEF667}.Debug|Any CPU.Build.0 = Debug|Any CPU
		{A2B6837B-6D7C-4636-B0B1-691A65CEF667}.Release|Any CPU.ActiveCfg = Release|Any CPU
		{A2B6837B-6D7C-4636-B0B1-691A65CEF667}.Release|Any CPU.Build.0 = Release|Any CPU
		{0350957C-E63A-4945-9399-6954EE7CD6D2}.Debug|Any CPU.ActiveCfg = Debug|Any CPU
		{0350957C-E63A-4945-9399-6954EE7CD6D2}.Debug|Any CPU.Build.0 = Debug|Any CPU
		{0350957C-E63A-4945-9399-6954EE7CD6D2}.Release|Any CPU.ActiveCfg = Release|Any CPU
		{0350957C-E63A-4945-9399-6954EE7CD6D2}.Release|Any CPU.Build.0 = Release|Any CPU
		{96BCB957-B713-4370-9F4D-424E3A85E4F5}.Debug|Any CPU.ActiveCfg = Debug|Any CPU
		{96BCB957-B713-4370-9F4D-424E3A85E4F5}.Debug|Any CPU.Build.0 = Debug|Any CPU
		{96BCB957-B713-4370-9F4D-424E3A85E4F5}.Release|Any CPU.ActiveCfg = Release|Any CPU
		{96BCB957-B713-4370-9F4D-424E3A85E4F5}.Release|Any CPU.Build.0 = Release|Any CPU
		{5FB86F58-CE4B-4523-BD6B-842E531EA1B8}.Debug|Any CPU.ActiveCfg = Debug|Any CPU
		{5FB86F58-CE4B-4523-BD6B-842E531EA1B8}.Debug|Any CPU.Build.0 = Debug|Any CPU
		{5FB86F58-CE4B-4523-BD6B-842E531EA1B8}.Release|Any CPU.ActiveCfg = Release|Any CPU
		{5FB86F58-CE4B-4523-BD6B-842E531EA1B8}.Release|Any CPU.Build.0 = Release|Any CPU
		{9F11CE26-C2C8-4F06-B454-6374CBC66EBD}.Debug|Any CPU.ActiveCfg = Debug|Any CPU
		{9F11CE26-C2C8-4F06-B454-6374CBC66EBD}.Debug|Any CPU.Build.0 = Debug|Any CPU
		{9F11CE26-C2C8-4F06-B454-6374CBC66EBD}.Release|Any CPU.ActiveCfg = Release|Any CPU
		{9F11CE26-C2C8-4F06-B454-6374CBC66EBD}.Release|Any CPU.Build.0 = Release|Any CPU
		{1038A4F6-E393-4A80-A7D5-F34BCE77EE95}.Debug|Any CPU.ActiveCfg = Debug|Any CPU
		{1038A4F6-E393-4A80-A7D5-F34BCE77EE95}.Debug|Any CPU.Build.0 = Debug|Any CPU
		{1038A4F6-E393-4A80-A7D5-F34BCE77EE95}.Release|Any CPU.ActiveCfg = Release|Any CPU
		{1038A4F6-E393-4A80-A7D5-F34BCE77EE95}.Release|Any CPU.Build.0 = Release|Any CPU
		{0F05E124-70D3-43D2-B4F5-4A1C10B01198}.Debug|Any CPU.ActiveCfg = Debug|Any CPU
		{0F05E124-70D3-43D2-B4F5-4A1C10B01198}.Debug|Any CPU.Build.0 = Debug|Any CPU
		{0F05E124-70D3-43D2-B4F5-4A1C10B01198}.Release|Any CPU.ActiveCfg = Release|Any CPU
		{0F05E124-70D3-43D2-B4F5-4A1C10B01198}.Release|Any CPU.Build.0 = Release|Any CPU
		{3B9C0CAF-C6FA-49B2-9055-F36CBF8A1BF9}.Debug|Any CPU.ActiveCfg = Debug|Any CPU
		{3B9C0CAF-C6FA-49B2-9055-F36CBF8A1BF9}.Debug|Any CPU.Build.0 = Debug|Any CPU
		{3B9C0CAF-C6FA-49B2-9055-F36CBF8A1BF9}.Release|Any CPU.ActiveCfg = Release|Any CPU
		{3B9C0CAF-C6FA-49B2-9055-F36CBF8A1BF9}.Release|Any CPU.Build.0 = Release|Any CPU
		{1BE2A0DD-8500-4B12-9078-72F8BF45A3DC}.Debug|Any CPU.ActiveCfg = Debug|Any CPU
		{1BE2A0DD-8500-4B12-9078-72F8BF45A3DC}.Debug|Any CPU.Build.0 = Debug|Any CPU
		{1BE2A0DD-8500-4B12-9078-72F8BF45A3DC}.Release|Any CPU.ActiveCfg = Release|Any CPU
		{1BE2A0DD-8500-4B12-9078-72F8BF45A3DC}.Release|Any CPU.Build.0 = Release|Any CPU
		{5CC71EF9-8616-4F82-90C6-456D3D6AAEA2}.Debug|Any CPU.ActiveCfg = Debug|Any CPU
		{5CC71EF9-8616-4F82-90C6-456D3D6AAEA2}.Debug|Any CPU.Build.0 = Debug|Any CPU
		{5CC71EF9-8616-4F82-90C6-456D3D6AAEA2}.Release|Any CPU.ActiveCfg = Release|Any CPU
		{5CC71EF9-8616-4F82-90C6-456D3D6AAEA2}.Release|Any CPU.Build.0 = Release|Any CPU
		{F4869ED2-5E54-4052-9211-E83A7F08E190}.Debug|Any CPU.ActiveCfg = Debug|Any CPU
		{F4869ED2-5E54-4052-9211-E83A7F08E190}.Debug|Any CPU.Build.0 = Debug|Any CPU
		{F4869ED2-5E54-4052-9211-E83A7F08E190}.Release|Any CPU.ActiveCfg = Release|Any CPU
		{F4869ED2-5E54-4052-9211-E83A7F08E190}.Release|Any CPU.Build.0 = Release|Any CPU
		{D6C2A47B-1105-4534-A3F5-06602C872DB5}.Debug|Any CPU.ActiveCfg = Debug|Any CPU
		{D6C2A47B-1105-4534-A3F5-06602C872DB5}.Debug|Any CPU.Build.0 = Debug|Any CPU
		{D6C2A47B-1105-4534-A3F5-06602C872DB5}.Release|Any CPU.ActiveCfg = Release|Any CPU
		{D6C2A47B-1105-4534-A3F5-06602C872DB5}.Release|Any CPU.Build.0 = Release|Any CPU
		{DD6079B4-D4A1-495F-A54E-EAD2FAAFEB18}.Debug|Any CPU.ActiveCfg = Debug|Any CPU
		{DD6079B4-D4A1-495F-A54E-EAD2FAAFEB18}.Debug|Any CPU.Build.0 = Debug|Any CPU
		{DD6079B4-D4A1-495F-A54E-EAD2FAAFEB18}.Release|Any CPU.ActiveCfg = Release|Any CPU
		{DD6079B4-D4A1-495F-A54E-EAD2FAAFEB18}.Release|Any CPU.Build.0 = Release|Any CPU
		{E27F84C2-9589-401B-87FB-F05BC4535A6F}.Debug|Any CPU.ActiveCfg = Debug|Any CPU
		{E27F84C2-9589-401B-87FB-F05BC4535A6F}.Debug|Any CPU.Build.0 = Debug|Any CPU
		{E27F84C2-9589-401B-87FB-F05BC4535A6F}.Release|Any CPU.ActiveCfg = Release|Any CPU
		{E27F84C2-9589-401B-87FB-F05BC4535A6F}.Release|Any CPU.Build.0 = Release|Any CPU
		{57192CE6-11BF-4587-94A2-CE24005A9EEB}.Debug|Any CPU.ActiveCfg = Debug|Any CPU
		{57192CE6-11BF-4587-94A2-CE24005A9EEB}.Debug|Any CPU.Build.0 = Debug|Any CPU
		{57192CE6-11BF-4587-94A2-CE24005A9EEB}.Release|Any CPU.ActiveCfg = Release|Any CPU
		{57192CE6-11BF-4587-94A2-CE24005A9EEB}.Release|Any CPU.Build.0 = Release|Any CPU
		{AA13D732-CA94-4EEF-B915-45E185354328}.Debug|Any CPU.ActiveCfg = Debug|Any CPU
		{AA13D732-CA94-4EEF-B915-45E185354328}.Debug|Any CPU.Build.0 = Debug|Any CPU
		{AA13D732-CA94-4EEF-B915-45E185354328}.Release|Any CPU.ActiveCfg = Release|Any CPU
		{AA13D732-CA94-4EEF-B915-45E185354328}.Release|Any CPU.Build.0 = Release|Any CPU
		{F52EF035-D207-4982-A859-58433B83D551}.Debug|Any CPU.ActiveCfg = Debug|Any CPU
		{F52EF035-D207-4982-A859-58433B83D551}.Debug|Any CPU.Build.0 = Debug|Any CPU
		{F52EF035-D207-4982-A859-58433B83D551}.Release|Any CPU.ActiveCfg = Release|Any CPU
		{F52EF035-D207-4982-A859-58433B83D551}.Release|Any CPU.Build.0 = Release|Any CPU
		{84185C67-7F7B-409C-AEE2-0870AE4AE57C}.Debug|Any CPU.ActiveCfg = Debug|Any CPU
		{84185C67-7F7B-409C-AEE2-0870AE4AE57C}.Debug|Any CPU.Build.0 = Debug|Any CPU
		{84185C67-7F7B-409C-AEE2-0870AE4AE57C}.Release|Any CPU.ActiveCfg = Release|Any CPU
		{84185C67-7F7B-409C-AEE2-0870AE4AE57C}.Release|Any CPU.Build.0 = Release|Any CPU
		{A1A8A57C-A1DB-4862-A04D-05453EF42BAC}.Debug|Any CPU.ActiveCfg = Debug|Any CPU
		{A1A8A57C-A1DB-4862-A04D-05453EF42BAC}.Debug|Any CPU.Build.0 = Debug|Any CPU
		{A1A8A57C-A1DB-4862-A04D-05453EF42BAC}.Release|Any CPU.ActiveCfg = Release|Any CPU
		{A1A8A57C-A1DB-4862-A04D-05453EF42BAC}.Release|Any CPU.Build.0 = Release|Any CPU
		{01BFD081-4A79-4717-A5C3-ECDD310957E7}.Debug|Any CPU.ActiveCfg = Debug|Any CPU
		{01BFD081-4A79-4717-A5C3-ECDD310957E7}.Debug|Any CPU.Build.0 = Debug|Any CPU
		{01BFD081-4A79-4717-A5C3-ECDD310957E7}.Release|Any CPU.ActiveCfg = Release|Any CPU
		{01BFD081-4A79-4717-A5C3-ECDD310957E7}.Release|Any CPU.Build.0 = Release|Any CPU
		{7CD43BF7-23DD-4415-AE73-9D847B0DE0AA}.Debug|Any CPU.ActiveCfg = Debug|Any CPU
		{7CD43BF7-23DD-4415-AE73-9D847B0DE0AA}.Debug|Any CPU.Build.0 = Debug|Any CPU
		{7CD43BF7-23DD-4415-AE73-9D847B0DE0AA}.Release|Any CPU.ActiveCfg = Release|Any CPU
		{7CD43BF7-23DD-4415-AE73-9D847B0DE0AA}.Release|Any CPU.Build.0 = Release|Any CPU
		{1FF14C5E-2AB3-4E26-9CA6-2E5C1103DD8C}.Debug|Any CPU.ActiveCfg = Debug|Any CPU
		{1FF14C5E-2AB3-4E26-9CA6-2E5C1103DD8C}.Debug|Any CPU.Build.0 = Debug|Any CPU
		{1FF14C5E-2AB3-4E26-9CA6-2E5C1103DD8C}.Release|Any CPU.ActiveCfg = Release|Any CPU
		{1FF14C5E-2AB3-4E26-9CA6-2E5C1103DD8C}.Release|Any CPU.Build.0 = Release|Any CPU
		{4F55E592-9885-49D3-907D-5FD5BBB2FECB}.Debug|Any CPU.ActiveCfg = Debug|Any CPU
		{4F55E592-9885-49D3-907D-5FD5BBB2FECB}.Debug|Any CPU.Build.0 = Debug|Any CPU
		{4F55E592-9885-49D3-907D-5FD5BBB2FECB}.Release|Any CPU.ActiveCfg = Release|Any CPU
		{4F55E592-9885-49D3-907D-5FD5BBB2FECB}.Release|Any CPU.Build.0 = Release|Any CPU
		{24B21428-536B-4ED5-BF13-6BAC6A06FB80}.Debug|Any CPU.ActiveCfg = Debug|Any CPU
		{24B21428-536B-4ED5-BF13-6BAC6A06FB80}.Debug|Any CPU.Build.0 = Debug|Any CPU
		{24B21428-536B-4ED5-BF13-6BAC6A06FB80}.Release|Any CPU.ActiveCfg = Release|Any CPU
		{24B21428-536B-4ED5-BF13-6BAC6A06FB80}.Release|Any CPU.Build.0 = Release|Any CPU
		{2F81EAA0-6B77-4304-8E38-FE3C28CE79E0}.Debug|Any CPU.ActiveCfg = Debug|Any CPU
		{2F81EAA0-6B77-4304-8E38-FE3C28CE79E0}.Debug|Any CPU.Build.0 = Debug|Any CPU
		{2F81EAA0-6B77-4304-8E38-FE3C28CE79E0}.Release|Any CPU.ActiveCfg = Release|Any CPU
		{2F81EAA0-6B77-4304-8E38-FE3C28CE79E0}.Release|Any CPU.Build.0 = Release|Any CPU
		{43031B59-296A-46B7-B778-AF0066EB77B7}.Debug|Any CPU.ActiveCfg = Debug|Any CPU
		{43031B59-296A-46B7-B778-AF0066EB77B7}.Debug|Any CPU.Build.0 = Debug|Any CPU
		{43031B59-296A-46B7-B778-AF0066EB77B7}.Release|Any CPU.ActiveCfg = Release|Any CPU
		{43031B59-296A-46B7-B778-AF0066EB77B7}.Release|Any CPU.Build.0 = Release|Any CPU
		{A1E90898-346E-4B12-89A4-AFDD3B12AEA6}.Debug|Any CPU.ActiveCfg = Debug|Any CPU
		{A1E90898-346E-4B12-89A4-AFDD3B12AEA6}.Debug|Any CPU.Build.0 = Debug|Any CPU
		{A1E90898-346E-4B12-89A4-AFDD3B12AEA6}.Release|Any CPU.ActiveCfg = Release|Any CPU
		{A1E90898-346E-4B12-89A4-AFDD3B12AEA6}.Release|Any CPU.Build.0 = Release|Any CPU
		{B6A14BA9-BC9F-408A-BD52-31D26CACE903}.Debug|Any CPU.ActiveCfg = Debug|Any CPU
		{B6A14BA9-BC9F-408A-BD52-31D26CACE903}.Debug|Any CPU.Build.0 = Debug|Any CPU
		{B6A14BA9-BC9F-408A-BD52-31D26CACE903}.Release|Any CPU.ActiveCfg = Release|Any CPU
		{B6A14BA9-BC9F-408A-BD52-31D26CACE903}.Release|Any CPU.Build.0 = Release|Any CPU
	EndGlobalSection
	GlobalSection(SolutionProperties) = preSolution
		HideSolutionNode = FALSE
	EndGlobalSection
	GlobalSection(NestedProjects) = preSolution
		{A2B6837B-6D7C-4636-B0B1-691A65CEF667} = {3F8ACCE4-5277-4FBD-83FC-F4B39C796F70}
		{0350957C-E63A-4945-9399-6954EE7CD6D2} = {3F8ACCE4-5277-4FBD-83FC-F4B39C796F70}
		{96BCB957-B713-4370-9F4D-424E3A85E4F5} = {3F8ACCE4-5277-4FBD-83FC-F4B39C796F70}
		{9A3981A0-EA51-46CA-A799-E9767DDBBD05} = {A0BF25FD-1238-4843-8AB9-6255F514FFDE}
		{82FA9459-1253-4BEA-BCD0-63873476E8AB} = {9A3981A0-EA51-46CA-A799-E9767DDBBD05}
		{5FB86F58-CE4B-4523-BD6B-842E531EA1B8} = {82FA9459-1253-4BEA-BCD0-63873476E8AB}
		{9F11CE26-C2C8-4F06-B454-6374CBC66EBD} = {9A3981A0-EA51-46CA-A799-E9767DDBBD05}
		{1038A4F6-E393-4A80-A7D5-F34BCE77EE95} = {9A3981A0-EA51-46CA-A799-E9767DDBBD05}
		{0F05E124-70D3-43D2-B4F5-4A1C10B01198} = {18DD0FDF-1AE5-4099-B54E-43615FB3D3D0}
		{41A955CE-E424-4940-AD9C-AB4FC08EA4D4} = {B73144DE-9449-42F1-A63D-86D609EA6C52}
		{3B9C0CAF-C6FA-49B2-9055-F36CBF8A1BF9} = {41A955CE-E424-4940-AD9C-AB4FC08EA4D4}
		{1BE2A0DD-8500-4B12-9078-72F8BF45A3DC} = {41A955CE-E424-4940-AD9C-AB4FC08EA4D4}
		{86D0AEEE-A675-4B81-A5AE-BC08F9C92803} = {A0BF25FD-1238-4843-8AB9-6255F514FFDE}
		{77C4E24B-11C3-4777-88E6-F070D4E24679} = {86D0AEEE-A675-4B81-A5AE-BC08F9C92803}
		{5CC71EF9-8616-4F82-90C6-456D3D6AAEA2} = {77C4E24B-11C3-4777-88E6-F070D4E24679}
		{F4869ED2-5E54-4052-9211-E83A7F08E190} = {77C4E24B-11C3-4777-88E6-F070D4E24679}
		{D6C2A47B-1105-4534-A3F5-06602C872DB5} = {86D0AEEE-A675-4B81-A5AE-BC08F9C92803}
		{B73144DE-9449-42F1-A63D-86D609EA6C52} = {A0BF25FD-1238-4843-8AB9-6255F514FFDE}
		{B773FF10-0FEC-4E92-8FBC-32B79DA3DA75} = {B73144DE-9449-42F1-A63D-86D609EA6C52}
		{DD6079B4-D4A1-495F-A54E-EAD2FAAFEB18} = {B773FF10-0FEC-4E92-8FBC-32B79DA3DA75}
		{E27F84C2-9589-401B-87FB-F05BC4535A6F} = {B73144DE-9449-42F1-A63D-86D609EA6C52}
		{57192CE6-11BF-4587-94A2-CE24005A9EEB} = {B73144DE-9449-42F1-A63D-86D609EA6C52}
		{AA13D732-CA94-4EEF-B915-45E185354328} = {B73144DE-9449-42F1-A63D-86D609EA6C52}
		{79303FD3-E3EE-4B57-BBDC-AFF7EBC56AFD} = {A0BF25FD-1238-4843-8AB9-6255F514FFDE}
		{0DBD4A79-928C-47E4-9CE0-9237938BBBDF} = {79303FD3-E3EE-4B57-BBDC-AFF7EBC56AFD}
		{F52EF035-D207-4982-A859-58433B83D551} = {0DBD4A79-928C-47E4-9CE0-9237938BBBDF}
		{84185C67-7F7B-409C-AEE2-0870AE4AE57C} = {0DBD4A79-928C-47E4-9CE0-9237938BBBDF}
		{A1A8A57C-A1DB-4862-A04D-05453EF42BAC} = {0DBD4A79-928C-47E4-9CE0-9237938BBBDF}
		{ACCAAED2-3AF2-4CF0-BF6B-AF420E9841B5} = {79303FD3-E3EE-4B57-BBDC-AFF7EBC56AFD}
		{01BFD081-4A79-4717-A5C3-ECDD310957E7} = {ACCAAED2-3AF2-4CF0-BF6B-AF420E9841B5}
		{7CD43BF7-23DD-4415-AE73-9D847B0DE0AA} = {ACCAAED2-3AF2-4CF0-BF6B-AF420E9841B5}
		{1FF14C5E-2AB3-4E26-9CA6-2E5C1103DD8C} = {ACCAAED2-3AF2-4CF0-BF6B-AF420E9841B5}
		{4F55E592-9885-49D3-907D-5FD5BBB2FECB} = {ACCAAED2-3AF2-4CF0-BF6B-AF420E9841B5}
		{24B21428-536B-4ED5-BF13-6BAC6A06FB80} = {ACCAAED2-3AF2-4CF0-BF6B-AF420E9841B5}
		{2F81EAA0-6B77-4304-8E38-FE3C28CE79E0} = {79303FD3-E3EE-4B57-BBDC-AFF7EBC56AFD}
		{43031B59-296A-46B7-B778-AF0066EB77B7} = {79303FD3-E3EE-4B57-BBDC-AFF7EBC56AFD}
		{18DD0FDF-1AE5-4099-B54E-43615FB3D3D0} = {9A3981A0-EA51-46CA-A799-E9767DDBBD05}
		{A1E90898-346E-4B12-89A4-AFDD3B12AEA6} = {18DD0FDF-1AE5-4099-B54E-43615FB3D3D0}
		{B6A14BA9-BC9F-408A-BD52-31D26CACE903} = {18DD0FDF-1AE5-4099-B54E-43615FB3D3D0}
	EndGlobalSection
	GlobalSection(ExtensibilityGlobals) = postSolution
		SolutionGuid = {15FE02FB-BDBA-4016-B958-EB31A71E7634}
	EndGlobalSection
EndGlobal
