
Microsoft Visual Studio Solution File, Format Version 12.00
# Visual Studio Version 17
VisualStudioVersion = 17.9.34728.123
MinimumVisualStudioVersion = 10.0.40219.1
Project("{2150E333-8FDC-42A3-9474-1A3956D46DE8}") = "DC", "DC", "{B95D888E-9F42-4193-AE0F-34238A42B359}"
EndProject
Project("{E53339B2-1760-4266-BCC7-CA923CBCF16C}") = "Gateway.DC.development", "Gateway.DC.development.dcproj", "{DCD78835-2C91-4D8E-8125-AC0FAF9C7ED7}"
EndProject
Project("{E53339B2-1760-4266-BCC7-CA923CBCF16C}") = "Gateway.DC.production", "Gateway.DC.production.dcproj", "{EBBBF56E-D435-4A0C-B173-453DB1E45AB7}"
EndProject
Project("{E53339B2-1760-4266-BCC7-CA923CBCF16C}") = "Gateway.DC.staging", "Gateway.DC.staging.dcproj", "{551F803E-96ED-45D3-80AE-15234148FCBE}"
EndProject
Project("{2150E333-8FDC-42A3-9474-1A3956D46DE8}") = "Solution Items", "Solution Items", "{4FC2336C-0E92-416C-8CF1-730230D7458E}"
	ProjectSection(SolutionItems) = preProject
		..\.editorconfig = ..\.editorconfig
		..\..\.gitignore = ..\..\.gitignore
		..\..\Directory.Build.props = ..\..\Directory.Build.props
		..\..\Directory.Packages.props = ..\..\Directory.Packages.props
	EndProjectSection
EndProject
Project("{2150E333-8FDC-42A3-9474-1A3956D46DE8}") = "src", "src", "{7B93E8B2-974B-48F0-8EE7-DE62FA191E04}"
EndProject
Project("{2150E333-8FDC-42A3-9474-1A3956D46DE8}") = "Gateway", "Gateway", "{B8FA20B8-3DB2-4637-BB61-9CFE8B5ABA7E}"
EndProject
Project("{2150E333-8FDC-42A3-9474-1A3956D46DE8}") = "Apps", "Apps", "{B7FC0A6A-2745-489D-B2AD-90CFF83CB8B2}"
EndProject
Project("{9A19103F-16F7-4668-BE54-9A1E7A4F7556}") = "Makc2025.Dummy.Gateway.Apps.WebApp", "src\Apps\WebApp\Makc2025.Dummy.Gateway.Apps.WebApp.csproj", "{CABE47C0-7206-4178-917E-16393BCAB9CE}"
EndProject
Project("{9A19103F-16F7-4668-BE54-9A1E7A4F7556}") = "Makc2025.Dummy.Gateway.DomainModel", "src\DomainModel\Makc2025.Dummy.Gateway.DomainModel.csproj", "{F6D97CE3-5DD5-4626-9600-EEDAEE2A38EF}"
EndProject
Project("{9A19103F-16F7-4668-BE54-9A1E7A4F7556}") = "Makc2025.Dummy.Gateway.DomainUseCases", "src\DomainUseCases\Makc2025.Dummy.Gateway.DomainUseCases.csproj", "{DF8C4269-422B-44D7-A3D7-7DC33944D529}"
EndProject
Project("{9A19103F-16F7-4668-BE54-9A1E7A4F7556}") = "Makc2025.Dummy.Gateway.Infrastructure", "src\Infrastructure\Makc2025.Dummy.Gateway.Infrastructure.csproj", "{B7C4284A-2C54-4DE2-A25D-6D0FE50428B5}"
EndProject
Project("{2150E333-8FDC-42A3-9474-1A3956D46DE8}") = "Shared", "Shared", "{A31F8776-8777-46E5-A3F4-A10F600B23DD}"
EndProject
Project("{9A19103F-16F7-4668-BE54-9A1E7A4F7556}") = "Makc2025.Dummy.Shared.Core", "..\Shared\src\Core\Makc2025.Dummy.Shared.Core.csproj", "{B92A78CB-9F17-487E-8DA8-408ACC6D0BFA}"
EndProject
Project("{FAE04EC0-301F-11D3-BF4B-00C04F79EFBC}") = "Makc2025.Dummy.Shared.Web", "..\Shared\src\Web\Makc2025.Dummy.Shared.Web.csproj", "{E1693140-75E2-40B4-94DB-F7B5CEC580BF}"
EndProject
Global
	GlobalSection(SolutionConfigurationPlatforms) = preSolution
		Debug|Any CPU = Debug|Any CPU
		Release|Any CPU = Release|Any CPU
	EndGlobalSection
	GlobalSection(ProjectConfigurationPlatforms) = postSolution
		{DCD78835-2C91-4D8E-8125-AC0FAF9C7ED7}.Debug|Any CPU.ActiveCfg = Debug|Any CPU
		{DCD78835-2C91-4D8E-8125-AC0FAF9C7ED7}.Debug|Any CPU.Build.0 = Debug|Any CPU
		{DCD78835-2C91-4D8E-8125-AC0FAF9C7ED7}.Release|Any CPU.ActiveCfg = Release|Any CPU
		{DCD78835-2C91-4D8E-8125-AC0FAF9C7ED7}.Release|Any CPU.Build.0 = Release|Any CPU
		{EBBBF56E-D435-4A0C-B173-453DB1E45AB7}.Debug|Any CPU.ActiveCfg = Debug|Any CPU
		{EBBBF56E-D435-4A0C-B173-453DB1E45AB7}.Debug|Any CPU.Build.0 = Debug|Any CPU
		{EBBBF56E-D435-4A0C-B173-453DB1E45AB7}.Release|Any CPU.ActiveCfg = Release|Any CPU
		{EBBBF56E-D435-4A0C-B173-453DB1E45AB7}.Release|Any CPU.Build.0 = Release|Any CPU
		{551F803E-96ED-45D3-80AE-15234148FCBE}.Debug|Any CPU.ActiveCfg = Debug|Any CPU
		{551F803E-96ED-45D3-80AE-15234148FCBE}.Debug|Any CPU.Build.0 = Debug|Any CPU
		{551F803E-96ED-45D3-80AE-15234148FCBE}.Release|Any CPU.ActiveCfg = Release|Any CPU
		{551F803E-96ED-45D3-80AE-15234148FCBE}.Release|Any CPU.Build.0 = Release|Any CPU
		{CABE47C0-7206-4178-917E-16393BCAB9CE}.Debug|Any CPU.ActiveCfg = Debug|Any CPU
		{CABE47C0-7206-4178-917E-16393BCAB9CE}.Debug|Any CPU.Build.0 = Debug|Any CPU
		{CABE47C0-7206-4178-917E-16393BCAB9CE}.Release|Any CPU.ActiveCfg = Release|Any CPU
		{CABE47C0-7206-4178-917E-16393BCAB9CE}.Release|Any CPU.Build.0 = Release|Any CPU
		{F6D97CE3-5DD5-4626-9600-EEDAEE2A38EF}.Debug|Any CPU.ActiveCfg = Debug|Any CPU
		{F6D97CE3-5DD5-4626-9600-EEDAEE2A38EF}.Debug|Any CPU.Build.0 = Debug|Any CPU
		{F6D97CE3-5DD5-4626-9600-EEDAEE2A38EF}.Release|Any CPU.ActiveCfg = Release|Any CPU
		{F6D97CE3-5DD5-4626-9600-EEDAEE2A38EF}.Release|Any CPU.Build.0 = Release|Any CPU
		{DF8C4269-422B-44D7-A3D7-7DC33944D529}.Debug|Any CPU.ActiveCfg = Debug|Any CPU
		{DF8C4269-422B-44D7-A3D7-7DC33944D529}.Debug|Any CPU.Build.0 = Debug|Any CPU
		{DF8C4269-422B-44D7-A3D7-7DC33944D529}.Release|Any CPU.ActiveCfg = Release|Any CPU
		{DF8C4269-422B-44D7-A3D7-7DC33944D529}.Release|Any CPU.Build.0 = Release|Any CPU
		{B7C4284A-2C54-4DE2-A25D-6D0FE50428B5}.Debug|Any CPU.ActiveCfg = Debug|Any CPU
		{B7C4284A-2C54-4DE2-A25D-6D0FE50428B5}.Debug|Any CPU.Build.0 = Debug|Any CPU
		{B7C4284A-2C54-4DE2-A25D-6D0FE50428B5}.Release|Any CPU.ActiveCfg = Release|Any CPU
		{B7C4284A-2C54-4DE2-A25D-6D0FE50428B5}.Release|Any CPU.Build.0 = Release|Any CPU
		{B92A78CB-9F17-487E-8DA8-408ACC6D0BFA}.Debug|Any CPU.ActiveCfg = Debug|Any CPU
		{B92A78CB-9F17-487E-8DA8-408ACC6D0BFA}.Debug|Any CPU.Build.0 = Debug|Any CPU
		{B92A78CB-9F17-487E-8DA8-408ACC6D0BFA}.Release|Any CPU.ActiveCfg = Release|Any CPU
		{B92A78CB-9F17-487E-8DA8-408ACC6D0BFA}.Release|Any CPU.Build.0 = Release|Any CPU
		{E1693140-75E2-40B4-94DB-F7B5CEC580BF}.Debug|Any CPU.ActiveCfg = Debug|Any CPU
		{E1693140-75E2-40B4-94DB-F7B5CEC580BF}.Debug|Any CPU.Build.0 = Debug|Any CPU
		{E1693140-75E2-40B4-94DB-F7B5CEC580BF}.Release|Any CPU.ActiveCfg = Release|Any CPU
		{E1693140-75E2-40B4-94DB-F7B5CEC580BF}.Release|Any CPU.Build.0 = Release|Any CPU
	EndGlobalSection
	GlobalSection(SolutionProperties) = preSolution
		HideSolutionNode = FALSE
	EndGlobalSection
	GlobalSection(NestedProjects) = preSolution
		{DCD78835-2C91-4D8E-8125-AC0FAF9C7ED7} = {B95D888E-9F42-4193-AE0F-34238A42B359}
		{EBBBF56E-D435-4A0C-B173-453DB1E45AB7} = {B95D888E-9F42-4193-AE0F-34238A42B359}
		{551F803E-96ED-45D3-80AE-15234148FCBE} = {B95D888E-9F42-4193-AE0F-34238A42B359}
		{B8FA20B8-3DB2-4637-BB61-9CFE8B5ABA7E} = {7B93E8B2-974B-48F0-8EE7-DE62FA191E04}
		{B7FC0A6A-2745-489D-B2AD-90CFF83CB8B2} = {B8FA20B8-3DB2-4637-BB61-9CFE8B5ABA7E}
		{CABE47C0-7206-4178-917E-16393BCAB9CE} = {B7FC0A6A-2745-489D-B2AD-90CFF83CB8B2}
		{F6D97CE3-5DD5-4626-9600-EEDAEE2A38EF} = {B8FA20B8-3DB2-4637-BB61-9CFE8B5ABA7E}
		{DF8C4269-422B-44D7-A3D7-7DC33944D529} = {B8FA20B8-3DB2-4637-BB61-9CFE8B5ABA7E}
		{B7C4284A-2C54-4DE2-A25D-6D0FE50428B5} = {B8FA20B8-3DB2-4637-BB61-9CFE8B5ABA7E}
		{A31F8776-8777-46E5-A3F4-A10F600B23DD} = {7B93E8B2-974B-48F0-8EE7-DE62FA191E04}
		{B92A78CB-9F17-487E-8DA8-408ACC6D0BFA} = {A31F8776-8777-46E5-A3F4-A10F600B23DD}
		{E1693140-75E2-40B4-94DB-F7B5CEC580BF} = {A31F8776-8777-46E5-A3F4-A10F600B23DD}
	EndGlobalSection
	GlobalSection(ExtensibilityGlobals) = postSolution
		SolutionGuid = {670C46E9-21BD-45F9-B02A-C790968134D2}
	EndGlobalSection
EndGlobal
