
Microsoft Visual Studio Solution File, Format Version 12.00
# Visual Studio Version 17
VisualStudioVersion = 17.9.34728.123
MinimumVisualStudioVersion = 10.0.40219.1
Project("{2150E333-8FDC-42A3-9474-1A3956D46DE8}") = "DC", "DC", "{B95D888E-9F42-4193-AE0F-34238A42B359}"
EndProject
Project("{E53339B2-1760-4266-BCC7-CA923CBCF16C}") = "Writer.DC.development", "Writer.DC.development.dcproj", "{DCD78835-2C91-4D8E-8125-AC0FAF9C7ED7}"
EndProject
Project("{E53339B2-1760-4266-BCC7-CA923CBCF16C}") = "Writer.DC.production", "Writer.DC.production.dcproj", "{EBBBF56E-D435-4A0C-B173-453DB1E45AB7}"
EndProject
Project("{E53339B2-1760-4266-BCC7-CA923CBCF16C}") = "Writer.DC.staging", "Writer.DC.staging.dcproj", "{551F803E-96ED-45D3-80AE-15234148FCBE}"
EndProject
Project("{2150E333-8FDC-42A3-9474-1A3956D46DE8}") = "Solution Items", "Solution Items", "{4FC2336C-0E92-416C-8CF1-730230D7458E}"
	ProjectSection(SolutionItems) = preProject
		..\.editorconfig = ..\.editorconfig
		..\..\.gitignore = ..\..\.gitignore
		..\..\Directory.Build.props = ..\..\Directory.Build.props
		..\..\Directory.Packages.props = ..\..\Directory.Packages.props
		..\..\..\..\README.md = ..\..\..\..\README.md
	EndProjectSection
EndProject
Project("{2150E333-8FDC-42A3-9474-1A3956D46DE8}") = "src", "src", "{7B93E8B2-974B-48F0-8EE7-DE62FA191E04}"
EndProject
Project("{2150E333-8FDC-42A3-9474-1A3956D46DE8}") = "Shared", "Shared", "{8C05026D-7050-4C9F-8FBD-F247FD939483}"
EndProject
Project("{2150E333-8FDC-42A3-9474-1A3956D46DE8}") = "Apps", "Apps", "{A19F4803-0873-4B7F-BC3F-628C31D1B0B7}"
EndProject
Project("{FAE04EC0-301F-11D3-BF4B-00C04F79EFBC}") = "Makc2025.Dummy.Shared.Apps.WebApp", "..\Shared\src\Apps\WebApp\Makc2025.Dummy.Shared.Apps.WebApp.csproj", "{3BD0D6AD-7767-42B2-957A-D2FAAECA0131}"
EndProject
Project("{9A19103F-16F7-4668-BE54-9A1E7A4F7556}") = "Makc2025.Dummy.Shared.Core", "..\Shared\src\Core\Makc2025.Dummy.Shared.Core.csproj", "{B92A78CB-9F17-487E-8DA8-408ACC6D0BFA}"
EndProject
Project("{FAE04EC0-301F-11D3-BF4B-00C04F79EFBC}") = "Makc2025.Dummy.Shared.DomainModel", "..\Shared\src\DomainModel\Makc2025.Dummy.Shared.DomainModel.csproj", "{4865A6A8-0CDC-469A-A509-2FED24DF1B68}"
EndProject
Project("{FAE04EC0-301F-11D3-BF4B-00C04F79EFBC}") = "Makc2025.Dummy.Shared.DomainUseCases", "..\Shared\src\DomainUseCases\Makc2025.Dummy.Shared.DomainUseCases.csproj", "{91FBB9E8-09D1-474A-97ED-B22139419C12}"
EndProject
Project("{FAE04EC0-301F-11D3-BF4B-00C04F79EFBC}") = "Makc2025.Dummy.Shared.Infrastructure", "..\Shared\src\Infrastructure\Makc2025.Dummy.Shared.Infrastructure.csproj", "{5C97ED4C-7A92-4F7D-B57B-75419F509484}"
EndProject
Project("{2150E333-8FDC-42A3-9474-1A3956D46DE8}") = "Writer", "Writer", "{4410A38D-CC1B-4AF1-9B5A-1E0B9A529E0A}"
EndProject
Project("{2150E333-8FDC-42A3-9474-1A3956D46DE8}") = "Apps", "Apps", "{B7FC0A6A-2745-489D-B2AD-90CFF83CB8B2}"
EndProject
Project("{FAE04EC0-301F-11D3-BF4B-00C04F79EFBC}") = "Makc2025.Dummy.Writer.Apps.OutboxCleanerApp", "src\Apps\OutboxCleanerApp\Makc2025.Dummy.Writer.Apps.OutboxCleanerApp.csproj", "{FA1006B8-5A6A-410A-ACC4-63A6D604D09E}"
EndProject
Project("{FAE04EC0-301F-11D3-BF4B-00C04F79EFBC}") = "Makc2025.Dummy.Writer.Apps.OutboxProducerApp", "src\Apps\OutboxProducerApp\Makc2025.Dummy.Writer.Apps.OutboxProducerApp.csproj", "{BF706C78-CA77-40C4-93CE-C1F34FAE3D94}"
EndProject
Project("{9A19103F-16F7-4668-BE54-9A1E7A4F7556}") = "Makc2025.Dummy.Writer.Apps.WebApp", "src\Apps\WebApp\Makc2025.Dummy.Writer.Apps.WebApp.csproj", "{CABE47C0-7206-4178-917E-16393BCAB9CE}"
EndProject
Project("{9A19103F-16F7-4668-BE54-9A1E7A4F7556}") = "Makc2025.Dummy.Writer.DomainModel", "src\DomainModel\Makc2025.Dummy.Writer.DomainModel.csproj", "{F6D97CE3-5DD5-4626-9600-EEDAEE2A38EF}"
EndProject
Project("{9A19103F-16F7-4668-BE54-9A1E7A4F7556}") = "Makc2025.Dummy.Writer.DomainUseCases", "src\DomainUseCases\Makc2025.Dummy.Writer.DomainUseCases.csproj", "{DF8C4269-422B-44D7-A3D7-7DC33944D529}"
EndProject
Project("{9A19103F-16F7-4668-BE54-9A1E7A4F7556}") = "Makc2025.Dummy.Writer.Infrastructure", "src\Infrastructure\Makc2025.Dummy.Writer.Infrastructure.csproj", "{B7C4284A-2C54-4DE2-A25D-6D0FE50428B5}"
EndProject
Global
	GlobalSection(SolutionConfigurationPlatforms) = preSolution
		Debug|Any CPU = Debug|Any CPU
		Release|Any CPU = Release|Any CPU
	EndGlobalSection
	GlobalSection(ProjectConfigurationPlatforms) = postSolution
		{DCD78835-2C91-4D8E-8125-AC0FAF9C7ED7}.Debug|Any CPU.ActiveCfg = Debug|Any CPU
		{DCD78835-2C91-4D8E-8125-AC0FAF9C7ED7}.Debug|Any CPU.Build.0 = Debug|Any CPU
		{DCD78835-2C91-4D8E-8125-AC0FAF9C7ED7}.Release|Any CPU.ActiveCfg = Release|Any CPU
		{DCD78835-2C91-4D8E-8125-AC0FAF9C7ED7}.Release|Any CPU.Build.0 = Release|Any CPU
		{EBBBF56E-D435-4A0C-B173-453DB1E45AB7}.Debug|Any CPU.ActiveCfg = Debug|Any CPU
		{EBBBF56E-D435-4A0C-B173-453DB1E45AB7}.Debug|Any CPU.Build.0 = Debug|Any CPU
		{EBBBF56E-D435-4A0C-B173-453DB1E45AB7}.Release|Any CPU.ActiveCfg = Release|Any CPU
		{EBBBF56E-D435-4A0C-B173-453DB1E45AB7}.Release|Any CPU.Build.0 = Release|Any CPU
		{551F803E-96ED-45D3-80AE-15234148FCBE}.Debug|Any CPU.ActiveCfg = Debug|Any CPU
		{551F803E-96ED-45D3-80AE-15234148FCBE}.Debug|Any CPU.Build.0 = Debug|Any CPU
		{551F803E-96ED-45D3-80AE-15234148FCBE}.Release|Any CPU.ActiveCfg = Release|Any CPU
		{551F803E-96ED-45D3-80AE-15234148FCBE}.Release|Any CPU.Build.0 = Release|Any CPU
		{3BD0D6AD-7767-42B2-957A-D2FAAECA0131}.Debug|Any CPU.ActiveCfg = Debug|Any CPU
		{3BD0D6AD-7767-42B2-957A-D2FAAECA0131}.Debug|Any CPU.Build.0 = Debug|Any CPU
		{3BD0D6AD-7767-42B2-957A-D2FAAECA0131}.Release|Any CPU.ActiveCfg = Release|Any CPU
		{3BD0D6AD-7767-42B2-957A-D2FAAECA0131}.Release|Any CPU.Build.0 = Release|Any CPU
		{B92A78CB-9F17-487E-8DA8-408ACC6D0BFA}.Debug|Any CPU.ActiveCfg = Debug|Any CPU
		{B92A78CB-9F17-487E-8DA8-408ACC6D0BFA}.Debug|Any CPU.Build.0 = Debug|Any CPU
		{B92A78CB-9F17-487E-8DA8-408ACC6D0BFA}.Release|Any CPU.ActiveCfg = Release|Any CPU
		{B92A78CB-9F17-487E-8DA8-408ACC6D0BFA}.Release|Any CPU.Build.0 = Release|Any CPU
		{4865A6A8-0CDC-469A-A509-2FED24DF1B68}.Debug|Any CPU.ActiveCfg = Debug|Any CPU
		{4865A6A8-0CDC-469A-A509-2FED24DF1B68}.Debug|Any CPU.Build.0 = Debug|Any CPU
		{4865A6A8-0CDC-469A-A509-2FED24DF1B68}.Release|Any CPU.ActiveCfg = Release|Any CPU
		{4865A6A8-0CDC-469A-A509-2FED24DF1B68}.Release|Any CPU.Build.0 = Release|Any CPU
		{91FBB9E8-09D1-474A-97ED-B22139419C12}.Debug|Any CPU.ActiveCfg = Debug|Any CPU
		{91FBB9E8-09D1-474A-97ED-B22139419C12}.Debug|Any CPU.Build.0 = Debug|Any CPU
		{91FBB9E8-09D1-474A-97ED-B22139419C12}.Release|Any CPU.ActiveCfg = Release|Any CPU
		{91FBB9E8-09D1-474A-97ED-B22139419C12}.Release|Any CPU.Build.0 = Release|Any CPU
		{5C97ED4C-7A92-4F7D-B57B-75419F509484}.Debug|Any CPU.ActiveCfg = Debug|Any CPU
		{5C97ED4C-7A92-4F7D-B57B-75419F509484}.Debug|Any CPU.Build.0 = Debug|Any CPU
		{5C97ED4C-7A92-4F7D-B57B-75419F509484}.Release|Any CPU.ActiveCfg = Release|Any CPU
		{5C97ED4C-7A92-4F7D-B57B-75419F509484}.Release|Any CPU.Build.0 = Release|Any CPU
		{FA1006B8-5A6A-410A-ACC4-63A6D604D09E}.Debug|Any CPU.ActiveCfg = Debug|Any CPU
		{FA1006B8-5A6A-410A-ACC4-63A6D604D09E}.Debug|Any CPU.Build.0 = Debug|Any CPU
		{FA1006B8-5A6A-410A-ACC4-63A6D604D09E}.Release|Any CPU.ActiveCfg = Release|Any CPU
		{FA1006B8-5A6A-410A-ACC4-63A6D604D09E}.Release|Any CPU.Build.0 = Release|Any CPU
		{BF706C78-CA77-40C4-93CE-C1F34FAE3D94}.Debug|Any CPU.ActiveCfg = Debug|Any CPU
		{BF706C78-CA77-40C4-93CE-C1F34FAE3D94}.Debug|Any CPU.Build.0 = Debug|Any CPU
		{BF706C78-CA77-40C4-93CE-C1F34FAE3D94}.Release|Any CPU.ActiveCfg = Release|Any CPU
		{BF706C78-CA77-40C4-93CE-C1F34FAE3D94}.Release|Any CPU.Build.0 = Release|Any CPU
		{CABE47C0-7206-4178-917E-16393BCAB9CE}.Debug|Any CPU.ActiveCfg = Debug|Any CPU
		{CABE47C0-7206-4178-917E-16393BCAB9CE}.Debug|Any CPU.Build.0 = Debug|Any CPU
		{CABE47C0-7206-4178-917E-16393BCAB9CE}.Release|Any CPU.ActiveCfg = Release|Any CPU
		{CABE47C0-7206-4178-917E-16393BCAB9CE}.Release|Any CPU.Build.0 = Release|Any CPU
		{F6D97CE3-5DD5-4626-9600-EEDAEE2A38EF}.Debug|Any CPU.ActiveCfg = Debug|Any CPU
		{F6D97CE3-5DD5-4626-9600-EEDAEE2A38EF}.Debug|Any CPU.Build.0 = Debug|Any CPU
		{F6D97CE3-5DD5-4626-9600-EEDAEE2A38EF}.Release|Any CPU.ActiveCfg = Release|Any CPU
		{F6D97CE3-5DD5-4626-9600-EEDAEE2A38EF}.Release|Any CPU.Build.0 = Release|Any CPU
		{DF8C4269-422B-44D7-A3D7-7DC33944D529}.Debug|Any CPU.ActiveCfg = Debug|Any CPU
		{DF8C4269-422B-44D7-A3D7-7DC33944D529}.Debug|Any CPU.Build.0 = Debug|Any CPU
		{DF8C4269-422B-44D7-A3D7-7DC33944D529}.Release|Any CPU.ActiveCfg = Release|Any CPU
		{DF8C4269-422B-44D7-A3D7-7DC33944D529}.Release|Any CPU.Build.0 = Release|Any CPU
		{B7C4284A-2C54-4DE2-A25D-6D0FE50428B5}.Debug|Any CPU.ActiveCfg = Debug|Any CPU
		{B7C4284A-2C54-4DE2-A25D-6D0FE50428B5}.Debug|Any CPU.Build.0 = Debug|Any CPU
		{B7C4284A-2C54-4DE2-A25D-6D0FE50428B5}.Release|Any CPU.ActiveCfg = Release|Any CPU
		{B7C4284A-2C54-4DE2-A25D-6D0FE50428B5}.Release|Any CPU.Build.0 = Release|Any CPU
	EndGlobalSection
	GlobalSection(SolutionProperties) = preSolution
		HideSolutionNode = FALSE
	EndGlobalSection
	GlobalSection(NestedProjects) = preSolution
		{DCD78835-2C91-4D8E-8125-AC0FAF9C7ED7} = {B95D888E-9F42-4193-AE0F-34238A42B359}
		{EBBBF56E-D435-4A0C-B173-453DB1E45AB7} = {B95D888E-9F42-4193-AE0F-34238A42B359}
		{551F803E-96ED-45D3-80AE-15234148FCBE} = {B95D888E-9F42-4193-AE0F-34238A42B359}
		{8C05026D-7050-4C9F-8FBD-F247FD939483} = {7B93E8B2-974B-48F0-8EE7-DE62FA191E04}
		{A19F4803-0873-4B7F-BC3F-628C31D1B0B7} = {8C05026D-7050-4C9F-8FBD-F247FD939483}
		{3BD0D6AD-7767-42B2-957A-D2FAAECA0131} = {A19F4803-0873-4B7F-BC3F-628C31D1B0B7}
		{B92A78CB-9F17-487E-8DA8-408ACC6D0BFA} = {8C05026D-7050-4C9F-8FBD-F247FD939483}
		{4865A6A8-0CDC-469A-A509-2FED24DF1B68} = {8C05026D-7050-4C9F-8FBD-F247FD939483}
		{91FBB9E8-09D1-474A-97ED-B22139419C12} = {8C05026D-7050-4C9F-8FBD-F247FD939483}
		{5C97ED4C-7A92-4F7D-B57B-75419F509484} = {8C05026D-7050-4C9F-8FBD-F247FD939483}
		{4410A38D-CC1B-4AF1-9B5A-1E0B9A529E0A} = {7B93E8B2-974B-48F0-8EE7-DE62FA191E04}
		{B7FC0A6A-2745-489D-B2AD-90CFF83CB8B2} = {4410A38D-CC1B-4AF1-9B5A-1E0B9A529E0A}
		{FA1006B8-5A6A-410A-ACC4-63A6D604D09E} = {B7FC0A6A-2745-489D-B2AD-90CFF83CB8B2}
		{BF706C78-CA77-40C4-93CE-C1F34FAE3D94} = {B7FC0A6A-2745-489D-B2AD-90CFF83CB8B2}
		{CABE47C0-7206-4178-917E-16393BCAB9CE} = {B7FC0A6A-2745-489D-B2AD-90CFF83CB8B2}
		{F6D97CE3-5DD5-4626-9600-EEDAEE2A38EF} = {4410A38D-CC1B-4AF1-9B5A-1E0B9A529E0A}
		{DF8C4269-422B-44D7-A3D7-7DC33944D529} = {4410A38D-CC1B-4AF1-9B5A-1E0B9A529E0A}
		{B7C4284A-2C54-4DE2-A25D-6D0FE50428B5} = {4410A38D-CC1B-4AF1-9B5A-1E0B9A529E0A}
	EndGlobalSection
	GlobalSection(ExtensibilityGlobals) = postSolution
		SolutionGuid = {670C46E9-21BD-45F9-B02A-C790968134D2}
	EndGlobalSection
EndGlobal
